// !$*UTF8*$!
{
	archiveVersion = 1;
	classes = {
	};
	objectVersion = 46;
	objects = {

/* Begin PBXBuildFile section */
		FAA55C6B1B271E75004E5EA6 /* main.m in Sources */ = {isa = PBXBuildFile; fileRef = FAA55C6A1B271E75004E5EA6 /* main.m */; };
		FAA55C6E1B271E75004E5EA6 /* AppDelegate.m in Sources */ = {isa = PBXBuildFile; fileRef = FAA55C6D1B271E75004E5EA6 /* AppDelegate.m */; };
		FAA55C711B271E75004E5EA6 /* ViewController.m in Sources */ = {isa = PBXBuildFile; fileRef = FAA55C701B271E75004E5EA6 /* ViewController.m */; };
		FAA55C741B271E75004E5EA6 /* Main.storyboard in Resources */ = {isa = PBXBuildFile; fileRef = FAA55C721B271E75004E5EA6 /* Main.storyboard */; };
		FAA55C761B271E75004E5EA6 /* Images.xcassets in Resources */ = {isa = PBXBuildFile; fileRef = FAA55C751B271E75004E5EA6 /* Images.xcassets */; };
		FAA55C791B271E75004E5EA6 /* LaunchScreen.xib in Resources */ = {isa = PBXBuildFile; fileRef = FAA55C771B271E75004E5EA6 /* LaunchScreen.xib */; };
		FAA55C851B271E75004E5EA6 /* AlcolatorTests.m in Sources */ = {isa = PBXBuildFile; fileRef = FAA55C841B271E75004E5EA6 /* AlcolatorTests.m */; };
		FAA55C901B29AA48004E5EA6 /* WhiskeyViewController.m in Sources */ = {isa = PBXBuildFile; fileRef = FAA55C8F1B29AA48004E5EA6 /* WhiskeyViewController.m */; };
		FAA55C931B29B447004E5EA6 /* MainMenuViewController.m in Sources */ = {isa = PBXBuildFile; fileRef = FAA55C921B29B447004E5EA6 /* MainMenuViewController.m */; };
/* End PBXBuildFile section */

/* Begin PBXContainerItemProxy section */
		FAA55C7F1B271E75004E5EA6 /* PBXContainerItemProxy */ = {
			isa = PBXContainerItemProxy;
			containerPortal = FAA55C5D1B271E75004E5EA6 /* Project object */;
			proxyType = 1;
			remoteGlobalIDString = FAA55C641B271E75004E5EA6;
			remoteInfo = Alcolator;
		};
/* End PBXContainerItemProxy section */

/* Begin PBXFileReference section */
		FAA55C651B271E75004E5EA6 /* Alcolator.app */ = {isa = PBXFileReference; explicitFileType = wrapper.application; includeInIndex = 0; path = Alcolator.app; sourceTree = BUILT_PRODUCTS_DIR; };
		FAA55C691B271E75004E5EA6 /* Info.plist */ = {isa = PBXFileReference; lastKnownFileType = text.plist.xml; path = Info.plist; sourceTree = "<group>"; };
		FAA55C6A1B271E75004E5EA6 /* main.m */ = {isa = PBXFileReference; lastKnownFileType = sourcecode.c.objc; path = main.m; sourceTree = "<group>"; };
		FAA55C6C1B271E75004E5EA6 /* AppDelegate.h */ = {isa = PBXFileReference; lastKnownFileType = sourcecode.c.h; path = AppDelegate.h; sourceTree = "<group>"; };
		FAA55C6D1B271E75004E5EA6 /* AppDelegate.m */ = {isa = PBXFileReference; lastKnownFileType = sourcecode.c.objc; path = AppDelegate.m; sourceTree = "<group>"; };
		FAA55C6F1B271E75004E5EA6 /* ViewController.h */ = {isa = PBXFileReference; lastKnownFileType = sourcecode.c.h; path = ViewController.h; sourceTree = "<group>"; };
		FAA55C701B271E75004E5EA6 /* ViewController.m */ = {isa = PBXFileReference; lastKnownFileType = sourcecode.c.objc; path = ViewController.m; sourceTree = "<group>"; };
		FAA55C731B271E75004E5EA6 /* Base */ = {isa = PBXFileReference; lastKnownFileType = file.storyboard; name = Base; path = Base.lproj/Main.storyboard; sourceTree = "<group>"; };
		FAA55C751B271E75004E5EA6 /* Images.xcassets */ = {isa = PBXFileReference; lastKnownFileType = folder.assetcatalog; path = Images.xcassets; sourceTree = "<group>"; };
		FAA55C781B271E75004E5EA6 /* Base */ = {isa = PBXFileReference; lastKnownFileType = file.xib; name = Base; path = Base.lproj/LaunchScreen.xib; sourceTree = "<group>"; };
		FAA55C7E1B271E75004E5EA6 /* AlcolatorTests.xctest */ = {isa = PBXFileReference; explicitFileType = wrapper.cfbundle; includeInIndex = 0; path = AlcolatorTests.xctest; sourceTree = BUILT_PRODUCTS_DIR; };
		FAA55C831B271E75004E5EA6 /* Info.plist */ = {isa = PBXFileReference; lastKnownFileType = text.plist.xml; path = Info.plist; sourceTree = "<group>"; };
		FAA55C841B271E75004E5EA6 /* AlcolatorTests.m */ = {isa = PBXFileReference; lastKnownFileType = sourcecode.c.objc; path = AlcolatorTests.m; sourceTree = "<group>"; };
		FAA55C8E1B29AA48004E5EA6 /* WhiskeyViewController.h */ = {isa = PBXFileReference; fileEncoding = 4; lastKnownFileType = sourcecode.c.h; path = WhiskeyViewController.h; sourceTree = "<group>"; };
		FAA55C8F1B29AA48004E5EA6 /* WhiskeyViewController.m */ = {isa = PBXFileReference; fileEncoding = 4; lastKnownFileType = sourcecode.c.objc; path = WhiskeyViewController.m; sourceTree = "<group>"; };
		FAA55C911B29B447004E5EA6 /* MainMenuViewController.h */ = {isa = PBXFileReference; fileEncoding = 4; lastKnownFileType = sourcecode.c.h; path = MainMenuViewController.h; sourceTree = "<group>"; };
		FAA55C921B29B447004E5EA6 /* MainMenuViewController.m */ = {isa = PBXFileReference; fileEncoding = 4; lastKnownFileType = sourcecode.c.objc; path = MainMenuViewController.m; sourceTree = "<group>"; };
/* End PBXFileReference section */

/* Begin PBXFrameworksBuildPhase section */
		FAA55C621B271E75004E5EA6 /* Frameworks */ = {
			isa = PBXFrameworksBuildPhase;
			buildActionMask = 2147483647;
			files = (
			);
			runOnlyForDeploymentPostprocessing = 0;
		};
		FAA55C7B1B271E75004E5EA6 /* Frameworks */ = {
			isa = PBXFrameworksBuildPhase;
			buildActionMask = 2147483647;
			files = (
			);
			runOnlyForDeploymentPostprocessing = 0;
		};
/* End PBXFrameworksBuildPhase section */

/* Begin PBXGroup section */
		FAA55C5C1B271E75004E5EA6 = {
			isa = PBXGroup;
			children = (
				FAA55C671B271E75004E5EA6 /* Alcolator */,
				FAA55C811B271E75004E5EA6 /* AlcolatorTests */,
				FAA55C661B271E75004E5EA6 /* Products */,
			);
			sourceTree = "<group>";
		};
		FAA55C661B271E75004E5EA6 /* Products */ = {
			isa = PBXGroup;
			children = (
				FAA55C651B271E75004E5EA6 /* Alcolator.app */,
				FAA55C7E1B271E75004E5EA6 /* AlcolatorTests.xctest */,
			);
			name = Products;
			sourceTree = "<group>";
		};
		FAA55C671B271E75004E5EA6 /* Alcolator */ = {
			isa = PBXGroup;
			children = (
				FAA55C6C1B271E75004E5EA6 /* AppDelegate.h */,
				FAA55C6D1B271E75004E5EA6 /* AppDelegate.m */,
				FAA55C911B29B447004E5EA6 /* MainMenuViewController.h */,
				FAA55C921B29B447004E5EA6 /* MainMenuViewController.m */,
				FAA55C6F1B271E75004E5EA6 /* ViewController.h */,
				FAA55C701B271E75004E5EA6 /* ViewController.m */,
				FAA55C8E1B29AA48004E5EA6 /* WhiskeyViewController.h */,
				FAA55C8F1B29AA48004E5EA6 /* WhiskeyViewController.m */,
				FAA55C721B271E75004E5EA6 /* Main.storyboard */,
				FAA55C751B271E75004E5EA6 /* Images.xcassets */,
				FAA55C771B271E75004E5EA6 /* LaunchScreen.xib */,
				FAA55C681B271E75004E5EA6 /* Supporting Files */,
			);
			path = Alcolator;
			sourceTree = "<group>";
		};
		FAA55C681B271E75004E5EA6 /* Supporting Files */ = {
			isa = PBXGroup;
			children = (
				FAA55C691B271E75004E5EA6 /* Info.plist */,
				FAA55C6A1B271E75004E5EA6 /* main.m */,
			);
			name = "Supporting Files";
			sourceTree = "<group>";
		};
		FAA55C811B271E75004E5EA6 /* AlcolatorTests */ = {
			isa = PBXGroup;
			children = (
				FAA55C841B271E75004E5EA6 /* AlcolatorTests.m */,
				FAA55C821B271E75004E5EA6 /* Supporting Files */,
			);
			path = AlcolatorTests;
			sourceTree = "<group>";
		};
		FAA55C821B271E75004E5EA6 /* Supporting Files */ = {
			isa = PBXGroup;
			children = (
				FAA55C831B271E75004E5EA6 /* Info.plist */,
			);
			name = "Supporting Files";
			sourceTree = "<group>";
		};
/* End PBXGroup section */

/* Begin PBXNativeTarget section */
		FAA55C641B271E75004E5EA6 /* Alcolator */ = {
			isa = PBXNativeTarget;
			buildConfigurationList = FAA55C881B271E75004E5EA6 /* Build configuration list for PBXNativeTarget "Alcolator" */;
			buildPhases = (
				FAA55C611B271E75004E5EA6 /* Sources */,
				FAA55C621B271E75004E5EA6 /* Frameworks */,
				FAA55C631B271E75004E5EA6 /* Resources */,
			);
			buildRules = (
			);
			dependencies = (
			);
			name = Alcolator;
			productName = Alcolator;
			productReference = FAA55C651B271E75004E5EA6 /* Alcolator.app */;
			productType = "com.apple.product-type.application";
		};
		FAA55C7D1B271E75004E5EA6 /* AlcolatorTests */ = {
			isa = PBXNativeTarget;
			buildConfigurationList = FAA55C8B1B271E75004E5EA6 /* Build configuration list for PBXNativeTarget "AlcolatorTests" */;
			buildPhases = (
				FAA55C7A1B271E75004E5EA6 /* Sources */,
				FAA55C7B1B271E75004E5EA6 /* Frameworks */,
				FAA55C7C1B271E75004E5EA6 /* Resources */,
			);
			buildRules = (
			);
			dependencies = (
				FAA55C801B271E75004E5EA6 /* PBXTargetDependency */,
			);
			name = AlcolatorTests;
			productName = AlcolatorTests;
			productReference = FAA55C7E1B271E75004E5EA6 /* AlcolatorTests.xctest */;
			productType = "com.apple.product-type.bundle.unit-test";
		};
/* End PBXNativeTarget section */

/* Begin PBXProject section */
		FAA55C5D1B271E75004E5EA6 /* Project object */ = {
			isa = PBXProject;
			attributes = {
				LastUpgradeCheck = 0630;
				ORGANIZATIONNAME = "Ryan Summe";
				TargetAttributes = {
					FAA55C641B271E75004E5EA6 = {
						CreatedOnToolsVersion = 6.3.2;
					};
					FAA55C7D1B271E75004E5EA6 = {
						CreatedOnToolsVersion = 6.3.2;
						TestTargetID = FAA55C641B271E75004E5EA6;
					};
				};
			};
			buildConfigurationList = FAA55C601B271E75004E5EA6 /* Build configuration list for PBXProject "Alcolator" */;
			compatibilityVersion = "Xcode 3.2";
			developmentRegion = English;
			hasScannedForEncodings = 0;
			knownRegions = (
				en,
				Base,
			);
			mainGroup = FAA55C5C1B271E75004E5EA6;
			productRefGroup = FAA55C661B271E75004E5EA6 /* Products */;
			projectDirPath = "";
			projectRoot = "";
			targets = (
				FAA55C641B271E75004E5EA6 /* Alcolator */,
				FAA55C7D1B271E75004E5EA6 /* AlcolatorTests */,
			);
		};
/* End PBXProject section */

/* Begin PBXResourcesBuildPhase section */
		FAA55C631B271E75004E5EA6 /* Resources */ = {
			isa = PBXResourcesBuildPhase;
			buildActionMask = 2147483647;
			files = (
				FAA55C741B271E75004E5EA6 /* Main.storyboard in Resources */,
				FAA55C791B271E75004E5EA6 /* LaunchScreen.xib in Resources */,
				FAA55C761B271E75004E5EA6 /* Images.xcassets in Resources */,
			);
			runOnlyForDeploymentPostprocessing = 0;
		};
		FAA55C7C1B271E75004E5EA6 /* Resources */ = {
			isa = PBXResourcesBuildPhase;
			buildActionMask = 2147483647;
			files = (
			);
			runOnlyForDeploymentPostprocessing = 0;
		};
/* End PBXResourcesBuildPhase section */

/* Begin PBXSourcesBuildPhase section */
		FAA55C611B271E75004E5EA6 /* Sources */ = {
			isa = PBXSourcesBuildPhase;
			buildActionMask = 2147483647;
			files = (
				FAA55C711B271E75004E5EA6 /* ViewController.m in Sources */,
				FAA55C901B29AA48004E5EA6 /* WhiskeyViewController.m in Sources */,
				FAA55C6E1B271E75004E5EA6 /* AppDelegate.m in Sources */,
				FAA55C6B1B271E75004E5EA6 /* main.m in Sources */,
				FAA55C931B29B447004E5EA6 /* MainMenuViewController.m in Sources */,
			);
			runOnlyForDeploymentPostprocessing = 0;
		};
		FAA55C7A1B271E75004E5EA6 /* Sources */ = {
			isa = PBXSourcesBuildPhase;
			buildActionMask = 2147483647;
			files = (
				FAA55C851B271E75004E5EA6 /* AlcolatorTests.m in Sources */,
			);
			runOnlyForDeploymentPostprocessing = 0;
		};
/* End PBXSourcesBuildPhase section */

/* Begin PBXTargetDependency section */
		FAA55C801B271E75004E5EA6 /* PBXTargetDependency */ = {
			isa = PBXTargetDependency;
			target = FAA55C641B271E75004E5EA6 /* Alcolator */;
			targetProxy = FAA55C7F1B271E75004E5EA6 /* PBXContainerItemProxy */;
		};
/* End PBXTargetDependency section */

/* Begin PBXVariantGroup section */
		FAA55C721B271E75004E5EA6 /* Main.storyboard */ = {
			isa = PBXVariantGroup;
			children = (
				FAA55C731B271E75004E5EA6 /* Base */,
			);
			name = Main.storyboard;
			sourceTree = "<group>";
		};
		FAA55C771B271E75004E5EA6 /* LaunchScreen.xib */ = {
			isa = PBXVariantGroup;
			children = (
				FAA55C781B271E75004E5EA6 /* Base */,
			);
			name = LaunchScreen.xib;
			sourceTree = "<group>";
		};
/* End PBXVariantGroup section */

/* Begin XCBuildConfiguration section */
		FAA55C861B271E75004E5EA6 /* Debug */ = {
			isa = XCBuildConfiguration;
			buildSettings = {
				ALWAYS_SEARCH_USER_PATHS = NO;
				CLANG_CXX_LANGUAGE_STANDARD = "gnu++0x";
				CLANG_CXX_LIBRARY = "libc++";
				CLANG_ENABLE_MODULES = YES;
				CLANG_ENABLE_OBJC_ARC = YES;
				CLANG_WARN_BOOL_CONVERSION = YES;
				CLANG_WARN_CONSTANT_CONVERSION = YES;
				CLANG_WARN_DIRECT_OBJC_ISA_USAGE = YES_ERROR;
				CLANG_WARN_EMPTY_BODY = YES;
				CLANG_WARN_ENUM_CONVERSION = YES;
				CLANG_WARN_INT_CONVERSION = YES;
				CLANG_WARN_OBJC_ROOT_CLASS = YES_ERROR;
				CLANG_WARN_UNREACHABLE_CODE = YES;
				CLANG_WARN__DUPLICATE_METHOD_MATCH = YES;
				"CODE_SIGN_IDENTITY[sdk=iphoneos*]" = "iPhone Developer";
				COPY_PHASE_STRIP = NO;
				DEBUG_INFORMATION_FORMAT = "dwarf-with-dsym";
				ENABLE_STRICT_OBJC_MSGSEND = YES;
				GCC_C_LANGUAGE_STANDARD = gnu99;
				GCC_DYNAMIC_NO_PIC = NO;
				GCC_NO_COMMON_BLOCKS = YES;
				GCC_OPTIMIZATION_LEVEL = 0;
				GCC_PREPROCESSOR_DEFINITIONS = (
					"DEBUG=1",
					"$(inherited)",
				);
				GCC_SYMBOLS_PRIVATE_EXTERN = NO;
				GCC_WARN_64_TO_32_BIT_CONVERSION = YES;
				GCC_WARN_ABOUT_RETURN_TYPE = YES_ERROR;
				GCC_WARN_UNDECLARED_SELECTOR = YES;
				GCC_WARN_UNINITIALIZED_AUTOS = YES_AGGRESSIVE;
				GCC_WARN_UNUSED_FUNCTION = YES;
				GCC_WARN_UNUSED_VARIABLE = YES;
				IPHONEOS_DEPLOYMENT_TARGET = 8.3;
				MTL_ENABLE_DEBUG_INFO = YES;
				ONLY_ACTIVE_ARCH = YES;
				SDKROOT = iphoneos;
			};
			name = Debug;
		};
		FAA55C871B271E75004E5EA6 /* Release */ = {
			isa = XCBuildConfiguration;
			buildSettings = {
				ALWAYS_SEARCH_USER_PATHS = NO;
				CLANG_CXX_LANGUAGE_STANDARD = "gnu++0x";
				CLANG_CXX_LIBRARY = "libc++";
				CLANG_ENABLE_MODULES = YES;
				CLANG_ENABLE_OBJC_ARC = YES;
				CLANG_WARN_BOOL_CONVERSION = YES;
				CLANG_WARN_CONSTANT_CONVERSION = YES;
				CLANG_WARN_DIRECT_OBJC_ISA_USAGE = YES_ERROR;
				CLANG_WARN_EMPTY_BODY = YES;
				CLANG_WARN_ENUM_CONVERSION = YES;
				CLANG_WARN_INT_CONVERSION = YES;
				CLANG_WARN_OBJC_ROOT_CLASS = YES_ERROR;
				CLANG_WARN_UNREACHABLE_CODE = YES;
				CLANG_WARN__DUPLICATE_METHOD_MATCH = YES;
				"CODE_SIGN_IDENTITY[sdk=iphoneos*]" = "iPhone Developer";
				COPY_PHASE_STRIP = NO;
				DEBUG_INFORMATION_FORMAT = "dwarf-with-dsym";
				ENABLE_NS_ASSERTIONS = NO;
				ENABLE_STRICT_OBJC_MSGSEND = YES;
				GCC_C_LANGUAGE_STANDARD = gnu99;
				GCC_NO_COMMON_BLOCKS = YES;
				GCC_WARN_64_TO_32_BIT_CONVERSION = YES;
				GCC_WARN_ABOUT_RETURN_TYPE = YES_ERROR;
				GCC_WARN_UNDECLARED_SELECTOR = YES;
				GCC_WARN_UNINITIALIZED_AUTOS = YES_AGGRESSIVE;
				GCC_WARN_UNUSED_FUNCTION = YES;
				GCC_WARN_UNUSED_VARIABLE = YES;
				IPHONEOS_DEPLOYMENT_TARGET = 8.3;
				MTL_ENABLE_DEBUG_INFO = NO;
				SDKROOT = iphoneos;
				VALIDATE_PRODUCT = YES;
			};
			name = Release;
		};
		FAA55C891B271E75004E5EA6 /* Debug */ = {
			isa = XCBuildConfiguration;
			buildSettings = {
				ASSETCATALOG_COMPILER_APPICON_NAME = AppIcon;
				INFOPLIST_FILE = Alcolator/Info.plist;
				LD_RUNPATH_SEARCH_PATHS = "$(inherited) @executable_path/Frameworks";
				PRODUCT_NAME = "$(TARGET_NAME)";
			};
			name = Debug;
		};
		FAA55C8A1B271E75004E5EA6 /* Release */ = {
			isa = XCBuildConfiguration;
			buildSettings = {
				ASSETCATALOG_COMPILER_APPICON_NAME = AppIcon;
				INFOPLIST_FILE = Alcolator/Info.plist;
				LD_RUNPATH_SEARCH_PATHS = "$(inherited) @executable_path/Frameworks";
				PRODUCT_NAME = "$(TARGET_NAME)";
			};
			name = Release;
		};
		FAA55C8C1B271E75004E5EA6 /* Debug */ = {
			isa = XCBuildConfiguration;
			buildSettings = {
				BUNDLE_LOADER = "$(TEST_HOST)";
				FRAMEWORK_SEARCH_PATHS = (
					"$(SDKROOT)/Developer/Library/Frameworks",
					"$(inherited)",
				);
				GCC_PREPROCESSOR_DEFINITIONS = (
					"DEBUG=1",
					"$(inherited)",
				);
				INFOPLIST_FILE = AlcolatorTests/Info.plist;
				LD_RUNPATH_SEARCH_PATHS = "$(inherited) @executable_path/Frameworks @loader_path/Frameworks";
				PRODUCT_NAME = "$(TARGET_NAME)";
				TEST_HOST = "$(BUILT_PRODUCTS_DIR)/Alcolator.app/Alcolator";
			};
			name = Debug;
		};
		FAA55C8D1B271E75004E5EA6 /* Release */ = {
			isa = XCBuildConfiguration;
			buildSettings = {
				BUNDLE_LOADER = "$(TEST_HOST)";
				FRAMEWORK_SEARCH_PATHS = (
					"$(SDKROOT)/Developer/Library/Frameworks",
					"$(inherited)",
				);
				INFOPLIST_FILE = AlcolatorTests/Info.plist;
				LD_RUNPATH_SEARCH_PATHS = "$(inherited) @executable_path/Frameworks @loader_path/Frameworks";
				PRODUCT_NAME = "$(TARGET_NAME)";
				TEST_HOST = "$(BUILT_PRODUCTS_DIR)/Alcolator.app/Alcolator";
			};
			name = Release;
		};
/* End XCBuildConfiguration section */

/* Begin XCConfigurationList section */
		FAA55C601B271E75004E5EA6 /* Build configuration list for PBXProject "Alcolator" */ = {
			isa = XCConfigurationList;
			buildConfigurations = (
				FAA55C861B271E75004E5EA6 /* Debug */,
				FAA55C871B271E75004E5EA6 /* Release */,
			);
			defaultConfigurationIsVisible = 0;
			defaultConfigurationName = Release;
		};
		FAA55C881B271E75004E5EA6 /* Build configuration list for PBXNativeTarget "Alcolator" */ = {
			isa = XCConfigurationList;
			buildConfigurations = (
				FAA55C891B271E75004E5EA6 /* Debug */,
				FAA55C8A1B271E75004E5EA6 /* Release */,
			);
			defaultConfigurationIsVisible = 0;
		};
		FAA55C8B1B271E75004E5EA6 /* Build configuration list for PBXNativeTarget "AlcolatorTests" */ = {
			isa = XCConfigurationList;
			buildConfigurations = (
				FAA55C8C1B271E75004E5EA6 /* Debug */,
				FAA55C8D1B271E75004E5EA6 /* Release */,
			);
			defaultConfigurationIsVisible = 0;
		};
/* End XCConfigurationList section */
	};
	rootObject = FAA55C5D1B271E75004E5EA6 /* Project object */;
}
